// !$*UTF8*$!
{
	archiveVersion = 1;
	classes = {
	};
	objectVersion = 50;
	objects = {

/* Begin PBXBuildFile section */
		26B135AF20BB6102009D7FD6 /* main.cpp in Sources */ = {isa = PBXBuildFile; fileRef = 26B135AE20BB6102009D7FD6 /* main.cpp */; };
		26B135B720BB6267009D7FD6 /* OpenGL.framework in Frameworks */ = {isa = PBXBuildFile; fileRef = 26B135B620BB6267009D7FD6 /* OpenGL.framework */; };
		26B135BE20BB8527009D7FD6 /* libglfw.3.2.dylib in Frameworks */ = {isa = PBXBuildFile; fileRef = 26B135BA20BB62D8009D7FD6 /* libglfw.3.2.dylib */; };
		26B135BF20BB8555009D7FD6 /* libGLEW.2.1.0.dylib in Frameworks */ = {isa = PBXBuildFile; fileRef = 26B135B820BB62A8009D7FD6 /* libGLEW.2.1.0.dylib */; };
		26D2A8DB20D4A68A00485F67 /* Resources in CopyFiles */ = {isa = PBXBuildFile; fileRef = 26D2A8D920D4A65200485F67 /* Resources */; };
/* End PBXBuildFile section */

/* Begin PBXCopyFilesBuildPhase section */
		26B135A920BB6102009D7FD6 /* CopyFiles */ = {
			isa = PBXCopyFilesBuildPhase;
			buildActionMask = 2147483647;
			dstPath = /usr/share/man/man1/;
			dstSubfolderSpec = 0;
			files = (
			);
			runOnlyForDeploymentPostprocessing = 1;
		};
		26D2A8DA20D4A68200485F67 /* CopyFiles */ = {
			isa = PBXCopyFilesBuildPhase;
			buildActionMask = 2147483647;
			dstPath = "";
			dstSubfolderSpec = 7;
			files = (
				26D2A8DB20D4A68A00485F67 /* Resources in CopyFiles */,
			);
			runOnlyForDeploymentPostprocessing = 0;
		};
/* End PBXCopyFilesBuildPhase section */

/* Begin PBXFileReference section */
		26B135AB20BB6102009D7FD6 /* OpenGl Mac */ = {isa = PBXFileReference; explicitFileType = "compiled.mach-o.executable"; includeInIndex = 0; path = "OpenGl Mac"; sourceTree = BUILT_PRODUCTS_DIR; };
		26B135AE20BB6102009D7FD6 /* main.cpp */ = {isa = PBXFileReference; lastKnownFileType = sourcecode.cpp.cpp; path = main.cpp; sourceTree = "<group>"; };
		26B135B620BB6267009D7FD6 /* OpenGL.framework */ = {isa = PBXFileReference; lastKnownFileType = wrapper.framework; name = OpenGL.framework; path = System/Library/Frameworks/OpenGL.framework; sourceTree = SDKROOT; };
		26B135B820BB62A8009D7FD6 /* libGLEW.2.1.0.dylib */ = {isa = PBXFileReference; lastKnownFileType = "compiled.mach-o.dylib"; name = libGLEW.2.1.0.dylib; path = ../../../../../../../usr/local/Cellar/glew/2.1.0/lib/libGLEW.2.1.0.dylib; sourceTree = "<group>"; };
		26B135BA20BB62D8009D7FD6 /* libglfw.3.2.dylib */ = {isa = PBXFileReference; lastKnownFileType = "compiled.mach-o.dylib"; name = libglfw.3.2.dylib; path = ../../../../../../../usr/local/Cellar/glfw/3.2.1/lib/libglfw.3.2.dylib; sourceTree = "<group>"; };
		26D2A8D820D4A33900485F67 /* Shader.h */ = {isa = PBXFileReference; lastKnownFileType = sourcecode.c.h; path = Shader.h; sourceTree = "<group>"; };
		26D2A8D920D4A65200485F67 /* Resources */ = {isa = PBXFileReference; lastKnownFileType = folder; path = Resources; sourceTree = "<group>"; };
/* End PBXFileReference section */

/* Begin PBXFrameworksBuildPhase section */
		26B135A820BB6102009D7FD6 /* Frameworks */ = {
			isa = PBXFrameworksBuildPhase;
			buildActionMask = 2147483647;
			files = (
				26B135BF20BB8555009D7FD6 /* libGLEW.2.1.0.dylib in Frameworks */,
				26B135BE20BB8527009D7FD6 /* libglfw.3.2.dylib in Frameworks */,
				26B135B720BB6267009D7FD6 /* OpenGL.framework in Frameworks */,
			);
			runOnlyForDeploymentPostprocessing = 0;
		};
/* End PBXFrameworksBuildPhase section */

/* Begin PBXGroup section */
		26B135A220BB6102009D7FD6 = {
			isa = PBXGroup;
			children = (
				26B135AD20BB6102009D7FD6 /* OpenGl Mac */,
				26B135AC20BB6102009D7FD6 /* Products */,
				26B135B520BB6267009D7FD6 /* Frameworks */,
			);
			sourceTree = "<group>";
		};
		26B135AC20BB6102009D7FD6 /* Products */ = {
			isa = PBXGroup;
			children = (
				26B135AB20BB6102009D7FD6 /* OpenGl Mac */,
			);
			name = Products;
			sourceTree = "<group>";
		};
		26B135AD20BB6102009D7FD6 /* OpenGl Mac */ = {
			isa = PBXGroup;
			children = (
				26D2A8D920D4A65200485F67 /* Resources */,
				26B135AE20BB6102009D7FD6 /* main.cpp */,
				26D2A8D820D4A33900485F67 /* Shader.h */,
			);
			path = "OpenGl Mac";
			sourceTree = "<group>";
		};
		26B135B520BB6267009D7FD6 /* Frameworks */ = {
			isa = PBXGroup;
			children = (
				26B135BA20BB62D8009D7FD6 /* libglfw.3.2.dylib */,
				26B135B820BB62A8009D7FD6 /* libGLEW.2.1.0.dylib */,
				26B135B620BB6267009D7FD6 /* OpenGL.framework */,
			);
			name = Frameworks;
			sourceTree = "<group>";
		};
/* End PBXGroup section */

/* Begin PBXNativeTarget section */
		26B135AA20BB6102009D7FD6 /* OpenGl Mac */ = {
			isa = PBXNativeTarget;
			buildConfigurationList = 26B135B220BB6102009D7FD6 /* Build configuration list for PBXNativeTarget "OpenGl Mac" */;
			buildPhases = (
				26B135A720BB6102009D7FD6 /* Sources */,
				26B135A820BB6102009D7FD6 /* Frameworks */,
				26B135A920BB6102009D7FD6 /* CopyFiles */,
				26D2A8DA20D4A68200485F67 /* CopyFiles */,
			);
			buildRules = (
			);
			dependencies = (
			);
			name = "OpenGl Mac";
			productName = "OpenGl Mac";
			productReference = 26B135AB20BB6102009D7FD6 /* OpenGl Mac */;
			productType = "com.apple.product-type.tool";
		};
/* End PBXNativeTarget section */

/* Begin PBXProject section */
		26B135A320BB6102009D7FD6 /* Project object */ = {
			isa = PBXProject;
			attributes = {
				LastUpgradeCheck = 0930;
				ORGANIZATIONNAME = Crusader;
				TargetAttributes = {
					26B135AA20BB6102009D7FD6 = {
						CreatedOnToolsVersion = 9.3.1;
					};
				};
			};
			buildConfigurationList = 26B135A620BB6102009D7FD6 /* Build configuration list for PBXProject "OpenGl Mac" */;
			compatibilityVersion = "Xcode 9.3";
			developmentRegion = en;
			hasScannedForEncodings = 0;
			knownRegions = (
				en,
			);
			mainGroup = 26B135A220BB6102009D7FD6;
			productRefGroup = 26B135AC20BB6102009D7FD6 /* Products */;
			projectDirPath = "";
			projectRoot = "";
			targets = (
				26B135AA20BB6102009D7FD6 /* OpenGl Mac */,
			);
		};
/* End PBXProject section */

/* Begin PBXSourcesBuildPhase section */
		26B135A720BB6102009D7FD6 /* Sources */ = {
			isa = PBXSourcesBuildPhase;
			buildActionMask = 2147483647;
			files = (
				26B135AF20BB6102009D7FD6 /* main.cpp in Sources */,
			);
			runOnlyForDeploymentPostprocessing = 0;
		};
/* End PBXSourcesBuildPhase section */

/* Begin XCBuildConfiguration section */
		26B135B020BB6102009D7FD6 /* Debug */ = {
			isa = XCBuildConfiguration;
			buildSettings = {
				ALWAYS_SEARCH_USER_PATHS = NO;
				CLANG_ANALYZER_NONNULL = YES;
				CLANG_ANALYZER_NUMBER_OBJECT_CONVERSION = YES_AGGRESSIVE;
				CLANG_CXX_LANGUAGE_STANDARD = "gnu++14";
				CLANG_CXX_LIBRARY = "libc++";
				CLANG_ENABLE_MODULES = YES;
				CLANG_ENABLE_OBJC_ARC = YES;
				CLANG_ENABLE_OBJC_WEAK = YES;
				CLANG_WARN_BLOCK_CAPTURE_AUTORELEASING = YES;
				CLANG_WARN_BOOL_CONVERSION = YES;
				CLANG_WARN_COMMA = YES;
				CLANG_WARN_CONSTANT_CONVERSION = YES;
				CLANG_WARN_DEPRECATED_OBJC_IMPLEMENTATIONS = YES;
				CLANG_WARN_DIRECT_OBJC_ISA_USAGE = YES_ERROR;
				CLANG_WARN_DOCUMENTATION_COMMENTS = YES;
				CLANG_WARN_EMPTY_BODY = YES;
				CLANG_WARN_ENUM_CONVERSION = YES;
				CLANG_WARN_INFINITE_RECURSION = YES;
				CLANG_WARN_INT_CONVERSION = YES;
				CLANG_WARN_NON_LITERAL_NULL_CONVERSION = YES;
				CLANG_WARN_OBJC_IMPLICIT_RETAIN_SELF = YES;
				CLANG_WARN_OBJC_LITERAL_CONVERSION = YES;
				CLANG_WARN_OBJC_ROOT_CLASS = YES_ERROR;
				CLANG_WARN_RANGE_LOOP_ANALYSIS = YES;
				CLANG_WARN_STRICT_PROTOTYPES = YES;
				CLANG_WARN_SUSPICIOUS_MOVE = YES;
				CLANG_WARN_UNGUARDED_AVAILABILITY = YES_AGGRESSIVE;
				CLANG_WARN_UNREACHABLE_CODE = YES;
				CLANG_WARN__DUPLICATE_METHOD_MATCH = YES;
				CODE_SIGN_IDENTITY = "-";
				COPY_PHASE_STRIP = NO;
				DEBUG_INFORMATION_FORMAT = dwarf;
				ENABLE_STRICT_OBJC_MSGSEND = YES;
				ENABLE_TESTABILITY = YES;
				GCC_C_LANGUAGE_STANDARD = gnu11;
				GCC_DYNAMIC_NO_PIC = NO;
				GCC_NO_COMMON_BLOCKS = YES;
				GCC_OPTIMIZATION_LEVEL = 0;
				GCC_PREPROCESSOR_DEFINITIONS = (
					"DEBUG=1",
					"$(inherited)",
				);
				GCC_WARN_64_TO_32_BIT_CONVERSION = YES;
				GCC_WARN_ABOUT_RETURN_TYPE = YES_ERROR;
				GCC_WARN_UNDECLARED_SELECTOR = YES;
				GCC_WARN_UNINITIALIZED_AUTOS = YES_AGGRESSIVE;
				GCC_WARN_UNUSED_FUNCTION = YES;
				GCC_WARN_UNUSED_VARIABLE = YES;
				MACOSX_DEPLOYMENT_TARGET = 10.13;
				MTL_ENABLE_DEBUG_INFO = YES;
				ONLY_ACTIVE_ARCH = YES;
				SDKROOT = macosx;
			};
			name = Debug;
		};
		26B135B120BB6102009D7FD6 /* Release */ = {
			isa = XCBuildConfiguration;
			buildSettings = {
				ALWAYS_SEARCH_USER_PATHS = NO;
				CLANG_ANALYZER_NONNULL = YES;
				CLANG_ANALYZER_NUMBER_OBJECT_CONVERSION = YES_AGGRESSIVE;
				CLANG_CXX_LANGUAGE_STANDARD = "gnu++14";
				CLANG_CXX_LIBRARY = "libc++";
				CLANG_ENABLE_MODULES = YES;
				CLANG_ENABLE_OBJC_ARC = YES;
				CLANG_ENABLE_OBJC_WEAK = YES;
				CLANG_WARN_BLOCK_CAPTURE_AUTORELEASING = YES;
				CLANG_WARN_BOOL_CONVERSION = YES;
				CLANG_WARN_COMMA = YES;
				CLANG_WARN_CONSTANT_CONVERSION = YES;
				CLANG_WARN_DEPRECATED_OBJC_IMPLEMENTATIONS = YES;
				CLANG_WARN_DIRECT_OBJC_ISA_USAGE = YES_ERROR;
				CLANG_WARN_DOCUMENTATION_COMMENTS = YES;
				CLANG_WARN_EMPTY_BODY = YES;
				CLANG_WARN_ENUM_CONVERSION = YES;
				CLANG_WARN_INFINITE_RECURSION = YES;
				CLANG_WARN_INT_CONVERSION = YES;
				CLANG_WARN_NON_LITERAL_NULL_CONVERSION = YES;
				CLANG_WARN_OBJC_IMPLICIT_RETAIN_SELF = YES;
				CLANG_WARN_OBJC_LITERAL_CONVERSION = YES;
				CLANG_WARN_OBJC_ROOT_CLASS = YES_ERROR;
				CLANG_WARN_RANGE_LOOP_ANALYSIS = YES;
				CLANG_WARN_STRICT_PROTOTYPES = YES;
				CLANG_WARN_SUSPICIOUS_MOVE = YES;
				CLANG_WARN_UNGUARDED_AVAILABILITY = YES_AGGRESSIVE;
				CLANG_WARN_UNREACHABLE_CODE = YES;
				CLANG_WARN__DUPLICATE_METHOD_MATCH = YES;
				CODE_SIGN_IDENTITY = "-";
				COPY_PHASE_STRIP = NO;
				DEBUG_INFORMATION_FORMAT = "dwarf-with-dsym";
				ENABLE_NS_ASSERTIONS = NO;
				ENABLE_STRICT_OBJC_MSGSEND = YES;
				GCC_C_LANGUAGE_STANDARD = gnu11;
				GCC_NO_COMMON_BLOCKS = YES;
				GCC_WARN_64_TO_32_BIT_CONVERSION = YES;
				GCC_WARN_ABOUT_RETURN_TYPE = YES_ERROR;
				GCC_WARN_UNDECLARED_SELECTOR = YES;
				GCC_WARN_UNINITIALIZED_AUTOS = YES_AGGRESSIVE;
				GCC_WARN_UNUSED_FUNCTION = YES;
				GCC_WARN_UNUSED_VARIABLE = YES;
				MACOSX_DEPLOYMENT_TARGET = 10.13;
				MTL_ENABLE_DEBUG_INFO = NO;
				SDKROOT = macosx;
			};
			name = Release;
		};
		26B135B320BB6102009D7FD6 /* Debug */ = {
			isa = XCBuildConfiguration;
			buildSettings = {
				CODE_SIGN_STYLE = Automatic;
				HEADER_SEARCH_PATHS = /usr/local/include;
				LIBRARY_SEARCH_PATHS = (
					/usr/local/Cellar/glfw/3.2.1/lib,
					/usr/local/Cellar/glew/2.1.0/lib,
				);
				NEW_SETTING = "";
				PRODUCT_NAME = "$(TARGET_NAME)";
			};
			name = Debug;
		};
		26B135B420BB6102009D7FD6 /* Release */ = {
			isa = XCBuildConfiguration;
			buildSettings = {
				CODE_SIGN_STYLE = Automatic;
				HEADER_SEARCH_PATHS = /usr/local/include;
				LIBRARY_SEARCH_PATHS = (
					/usr/local/Cellar/glfw/3.2.1/lib,
					/usr/local/Cellar/glew/2.1.0/lib,
				);
				NEW_SETTING = "";
				PRODUCT_NAME = "$(TARGET_NAME)";
			};
			name = Release;
		};
/* End XCBuildConfiguration section */

/* Begin XCConfigurationList section */
		26B135A620BB6102009D7FD6 /* Build configuration list for PBXProject "OpenGl Mac" */ = {
			isa = XCConfigurationList;
			buildConfigurations = (
				26B135B020BB6102009D7FD6 /* Debug */,
				26B135B120BB6102009D7FD6 /* Release */,
			);
			defaultConfigurationIsVisible = 0;
			defaultConfigurationName = Release;
		};
		26B135B220BB6102009D7FD6 /* Build configuration list for PBXNativeTarget "OpenGl Mac" */ = {
			isa = XCConfigurationList;
			buildConfigurations = (
				26B135B320BB6102009D7FD6 /* Debug */,
				26B135B420BB6102009D7FD6 /* Release */,
			);
			defaultConfigurationIsVisible = 0;
			defaultConfigurationName = Release;
		};
/* End XCConfigurationList section */
	};
	rootObject = 26B135A320BB6102009D7FD6 /* Project object */;
}
